// !$*UTF8*$!
{
	archiveVersion = 1;
	classes = {
	};
	objectVersion = 46;
	objects = {

/* Begin PBXBuildFile section */
		00D3080D1AA9173E00129965 /* PlaySoundsViewController.swift in Sources */ = {isa = PBXBuildFile; fileRef = 00D3080C1AA9173E00129965 /* PlaySoundsViewController.swift */; };
		00DD20AA1AAC110B00AA0398 /* RecordedAudio.swift in Sources */ = {isa = PBXBuildFile; fileRef = 00DD20A91AAC110A00AA0398 /* RecordedAudio.swift */; };
		00E89A191AA7CBC200DA8FFC /* AppDelegate.swift in Sources */ = {isa = PBXBuildFile; fileRef = 00E89A181AA7CBC200DA8FFC /* AppDelegate.swift */; };
		00E89A1B1AA7CBC200DA8FFC /* RecordSoundsViewController.swift in Sources */ = {isa = PBXBuildFile; fileRef = 00E89A1A1AA7CBC200DA8FFC /* RecordSoundsViewController.swift */; };
		00E89A1E1AA7CBC200DA8FFC /* Main.storyboard in Resources */ = {isa = PBXBuildFile; fileRef = 00E89A1C1AA7CBC200DA8FFC /* Main.storyboard */; };
		00E89A201AA7CBC200DA8FFC /* Images.xcassets in Resources */ = {isa = PBXBuildFile; fileRef = 00E89A1F1AA7CBC200DA8FFC /* Images.xcassets */; };
		00E89A231AA7CBC200DA8FFC /* LaunchScreen.xib in Resources */ = {isa = PBXBuildFile; fileRef = 00E89A211AA7CBC200DA8FFC /* LaunchScreen.xib */; };
		00E89A2F1AA7CBC300DA8FFC /* Pitch_PerfectTests.swift in Sources */ = {isa = PBXBuildFile; fileRef = 00E89A2E1AA7CBC300DA8FFC /* Pitch_PerfectTests.swift */; };
/* End PBXBuildFile section */

/* Begin PBXContainerItemProxy section */
		00E89A291AA7CBC300DA8FFC /* PBXContainerItemProxy */ = {
			isa = PBXContainerItemProxy;
			containerPortal = 00E89A0B1AA7CBC200DA8FFC /* Project object */;
			proxyType = 1;
			remoteGlobalIDString = 00E89A121AA7CBC200DA8FFC;
			remoteInfo = "Pitch Perfect";
		};
/* End PBXContainerItemProxy section */

/* Begin PBXFileReference section */
		00D3080C1AA9173E00129965 /* PlaySoundsViewController.swift */ = {isa = PBXFileReference; fileEncoding = 4; lastKnownFileType = sourcecode.swift; path = PlaySoundsViewController.swift; sourceTree = "<group>"; };
		00DD20A91AAC110A00AA0398 /* RecordedAudio.swift */ = {isa = PBXFileReference; fileEncoding = 4; lastKnownFileType = sourcecode.swift; path = RecordedAudio.swift; sourceTree = "<group>"; };
		00E89A131AA7CBC200DA8FFC /* Pitch Perfect.app */ = {isa = PBXFileReference; explicitFileType = wrapper.application; includeInIndex = 0; path = "Pitch Perfect.app"; sourceTree = BUILT_PRODUCTS_DIR; };
		00E89A171AA7CBC200DA8FFC /* Info.plist */ = {isa = PBXFileReference; lastKnownFileType = text.plist.xml; path = Info.plist; sourceTree = "<group>"; };
		00E89A181AA7CBC200DA8FFC /* AppDelegate.swift */ = {isa = PBXFileReference; lastKnownFileType = sourcecode.swift; path = AppDelegate.swift; sourceTree = "<group>"; };
		00E89A1A1AA7CBC200DA8FFC /* RecordSoundsViewController.swift */ = {isa = PBXFileReference; lastKnownFileType = sourcecode.swift; path = RecordSoundsViewController.swift; sourceTree = "<group>"; };
		00E89A1D1AA7CBC200DA8FFC /* Base */ = {isa = PBXFileReference; lastKnownFileType = file.storyboard; name = Base; path = Base.lproj/Main.storyboard; sourceTree = "<group>"; };
		00E89A1F1AA7CBC200DA8FFC /* Images.xcassets */ = {isa = PBXFileReference; lastKnownFileType = folder.assetcatalog; path = Images.xcassets; sourceTree = "<group>"; };
		00E89A221AA7CBC200DA8FFC /* Base */ = {isa = PBXFileReference; lastKnownFileType = file.xib; name = Base; path = Base.lproj/LaunchScreen.xib; sourceTree = "<group>"; };
		00E89A281AA7CBC300DA8FFC /* Pitch PerfectTests.xctest */ = {isa = PBXFileReference; explicitFileType = wrapper.cfbundle; includeInIndex = 0; path = "Pitch PerfectTests.xctest"; sourceTree = BUILT_PRODUCTS_DIR; };
		00E89A2D1AA7CBC300DA8FFC /* Info.plist */ = {isa = PBXFileReference; lastKnownFileType = text.plist.xml; path = Info.plist; sourceTree = "<group>"; };
		00E89A2E1AA7CBC300DA8FFC /* Pitch_PerfectTests.swift */ = {isa = PBXFileReference; lastKnownFileType = sourcecode.swift; path = Pitch_PerfectTests.swift; sourceTree = "<group>"; };
/* End PBXFileReference section */

/* Begin PBXFrameworksBuildPhase section */
		00E89A101AA7CBC200DA8FFC /* Frameworks */ = {
			isa = PBXFrameworksBuildPhase;
			buildActionMask = 2147483647;
			files = (
			);
			runOnlyForDeploymentPostprocessing = 0;
		};
		00E89A251AA7CBC300DA8FFC /* Frameworks */ = {
			isa = PBXFrameworksBuildPhase;
			buildActionMask = 2147483647;
			files = (
			);
			runOnlyForDeploymentPostprocessing = 0;
		};
/* End PBXFrameworksBuildPhase section */

/* Begin PBXGroup section */
		00E89A0A1AA7CBC200DA8FFC = {
			isa = PBXGroup;
			children = (
				00E89A151AA7CBC200DA8FFC /* Pitch Perfect */,
				00E89A2B1AA7CBC300DA8FFC /* Pitch PerfectTests */,
				00E89A141AA7CBC200DA8FFC /* Products */,
			);
			sourceTree = "<group>";
		};
		00E89A141AA7CBC200DA8FFC /* Products */ = {
			isa = PBXGroup;
			children = (
				00E89A131AA7CBC200DA8FFC /* Pitch Perfect.app */,
				00E89A281AA7CBC300DA8FFC /* Pitch PerfectTests.xctest */,
			);
			name = Products;
			sourceTree = "<group>";
		};
		00E89A151AA7CBC200DA8FFC /* Pitch Perfect */ = {
			isa = PBXGroup;
			children = (
				00E89A181AA7CBC200DA8FFC /* AppDelegate.swift */,
				00D3080C1AA9173E00129965 /* PlaySoundsViewController.swift */,
				00E89A1A1AA7CBC200DA8FFC /* RecordSoundsViewController.swift */,
				00DD20A91AAC110A00AA0398 /* RecordedAudio.swift */,
				00E89A1C1AA7CBC200DA8FFC /* Main.storyboard */,
				00E89A1F1AA7CBC200DA8FFC /* Images.xcassets */,
				00E89A211AA7CBC200DA8FFC /* LaunchScreen.xib */,
				00E89A161AA7CBC200DA8FFC /* Supporting Files */,
			);
			path = "Pitch Perfect";
			sourceTree = "<group>";
		};
		00E89A161AA7CBC200DA8FFC /* Supporting Files */ = {
			isa = PBXGroup;
			children = (
				00E89A171AA7CBC200DA8FFC /* Info.plist */,
			);
			name = "Supporting Files";
			sourceTree = "<group>";
		};
		00E89A2B1AA7CBC300DA8FFC /* Pitch PerfectTests */ = {
			isa = PBXGroup;
			children = (
				00E89A2E1AA7CBC300DA8FFC /* Pitch_PerfectTests.swift */,
				00E89A2C1AA7CBC300DA8FFC /* Supporting Files */,
			);
			path = "Pitch PerfectTests";
			sourceTree = "<group>";
		};
		00E89A2C1AA7CBC300DA8FFC /* Supporting Files */ = {
			isa = PBXGroup;
			children = (
				00E89A2D1AA7CBC300DA8FFC /* Info.plist */,
			);
			name = "Supporting Files";
			sourceTree = "<group>";
		};
/* End PBXGroup section */

/* Begin PBXNativeTarget section */
		00E89A121AA7CBC200DA8FFC /* Pitch Perfect */ = {
			isa = PBXNativeTarget;
			buildConfigurationList = 00E89A321AA7CBC300DA8FFC /* Build configuration list for PBXNativeTarget "Pitch Perfect" */;
			buildPhases = (
				00E89A0F1AA7CBC200DA8FFC /* Sources */,
				00E89A101AA7CBC200DA8FFC /* Frameworks */,
				00E89A111AA7CBC200DA8FFC /* Resources */,
			);
			buildRules = (
			);
			dependencies = (
			);
			name = "Pitch Perfect";
			productName = "Pitch Perfect";
			productReference = 00E89A131AA7CBC200DA8FFC /* Pitch Perfect.app */;
			productType = "com.apple.product-type.application";
		};
		00E89A271AA7CBC300DA8FFC /* Pitch PerfectTests */ = {
			isa = PBXNativeTarget;
			buildConfigurationList = 00E89A351AA7CBC300DA8FFC /* Build configuration list for PBXNativeTarget "Pitch PerfectTests" */;
			buildPhases = (
				00E89A241AA7CBC300DA8FFC /* Sources */,
				00E89A251AA7CBC300DA8FFC /* Frameworks */,
				00E89A261AA7CBC300DA8FFC /* Resources */,
			);
			buildRules = (
			);
			dependencies = (
				00E89A2A1AA7CBC300DA8FFC /* PBXTargetDependency */,
			);
			name = "Pitch PerfectTests";
			productName = "Pitch PerfectTests";
			productReference = 00E89A281AA7CBC300DA8FFC /* Pitch PerfectTests.xctest */;
			productType = "com.apple.product-type.bundle.unit-test";
		};
/* End PBXNativeTarget section */

/* Begin PBXProject section */
		00E89A0B1AA7CBC200DA8FFC /* Project object */ = {
			isa = PBXProject;
			attributes = {
				LastSwiftMigration = 0700;
				LastSwiftUpdateCheck = 0700;
				LastUpgradeCheck = 0700;
				ORGANIZATIONNAME = "Shimmen Nobuyoshi";
				TargetAttributes = {
					00E89A121AA7CBC200DA8FFC = {
						CreatedOnToolsVersion = 6.1.1;
					};
					00E89A271AA7CBC300DA8FFC = {
						CreatedOnToolsVersion = 6.1.1;
						TestTargetID = 00E89A121AA7CBC200DA8FFC;
					};
				};
			};
			buildConfigurationList = 00E89A0E1AA7CBC200DA8FFC /* Build configuration list for PBXProject "Pitch Perfect" */;
			compatibilityVersion = "Xcode 3.2";
			developmentRegion = English;
			hasScannedForEncodings = 0;
			knownRegions = (
				en,
				Base,
			);
			mainGroup = 00E89A0A1AA7CBC200DA8FFC;
			productRefGroup = 00E89A141AA7CBC200DA8FFC /* Products */;
			projectDirPath = "";
			projectRoot = "";
			targets = (
				00E89A121AA7CBC200DA8FFC /* Pitch Perfect */,
				00E89A271AA7CBC300DA8FFC /* Pitch PerfectTests */,
			);
		};
/* End PBXProject section */

/* Begin PBXResourcesBuildPhase section */
		00E89A111AA7CBC200DA8FFC /* Resources */ = {
			isa = PBXResourcesBuildPhase;
			buildActionMask = 2147483647;
			files = (
				00E89A1E1AA7CBC200DA8FFC /* Main.storyboard in Resources */,
				00E89A231AA7CBC200DA8FFC /* LaunchScreen.xib in Resources */,
				00E89A201AA7CBC200DA8FFC /* Images.xcassets in Resources */,
			);
			runOnlyForDeploymentPostprocessing = 0;
		};
		00E89A261AA7CBC300DA8FFC /* Resources */ = {
			isa = PBXResourcesBuildPhase;
			buildActionMask = 2147483647;
			files = (
			);
			runOnlyForDeploymentPostprocessing = 0;
		};
/* End PBXResourcesBuildPhase section */

/* Begin PBXSourcesBuildPhase section */
		00E89A0F1AA7CBC200DA8FFC /* Sources */ = {
			isa = PBXSourcesBuildPhase;
			buildActionMask = 2147483647;
			files = (
				00DD20AA1AAC110B00AA0398 /* RecordedAudio.swift in Sources */,
				00E89A1B1AA7CBC200DA8FFC /* RecordSoundsViewController.swift in Sources */,
				00D3080D1AA9173E00129965 /* PlaySoundsViewController.swift in Sources */,
				00E89A191AA7CBC200DA8FFC /* AppDelegate.swift in Sources */,
			);
			runOnlyForDeploymentPostprocessing = 0;
		};
		00E89A241AA7CBC300DA8FFC /* Sources */ = {
			isa = PBXSourcesBuildPhase;
			buildActionMask = 2147483647;
			files = (
				00E89A2F1AA7CBC300DA8FFC /* Pitch_PerfectTests.swift in Sources */,
			);
			runOnlyForDeploymentPostprocessing = 0;
		};
/* End PBXSourcesBuildPhase section */

/* Begin PBXTargetDependency section */
		00E89A2A1AA7CBC300DA8FFC /* PBXTargetDependency */ = {
			isa = PBXTargetDependency;
			target = 00E89A121AA7CBC200DA8FFC /* Pitch Perfect */;
			targetProxy = 00E89A291AA7CBC300DA8FFC /* PBXContainerItemProxy */;
		};
/* End PBXTargetDependency section */

/* Begin PBXVariantGroup section */
		00E89A1C1AA7CBC200DA8FFC /* Main.storyboard */ = {
			isa = PBXVariantGroup;
			children = (
				00E89A1D1AA7CBC200DA8FFC /* Base */,
			);
			name = Main.storyboard;
			sourceTree = "<group>";
		};
		00E89A211AA7CBC200DA8FFC /* LaunchScreen.xib */ = {
			isa = PBXVariantGroup;
			children = (
				00E89A221AA7CBC200DA8FFC /* Base */,
			);
			name = LaunchScreen.xib;
			sourceTree = "<group>";
		};
/* End PBXVariantGroup section */

/* Begin XCBuildConfiguration section */
		00E89A301AA7CBC300DA8FFC /* Debug */ = {
			isa = XCBuildConfiguration;
			buildSettings = {
				ALWAYS_SEARCH_USER_PATHS = NO;
				CLANG_CXX_LANGUAGE_STANDARD = "gnu++0x";
				CLANG_CXX_LIBRARY = "libc++";
				CLANG_ENABLE_MODULES = YES;
				CLANG_ENABLE_OBJC_ARC = YES;
				CLANG_WARN_BOOL_CONVERSION = YES;
				CLANG_WARN_CONSTANT_CONVERSION = YES;
				CLANG_WARN_DIRECT_OBJC_ISA_USAGE = YES_ERROR;
				CLANG_WARN_EMPTY_BODY = YES;
				CLANG_WARN_ENUM_CONVERSION = YES;
				CLANG_WARN_INT_CONVERSION = YES;
				CLANG_WARN_OBJC_ROOT_CLASS = YES_ERROR;
				CLANG_WARN_UNREACHABLE_CODE = YES;
				CLANG_WARN__DUPLICATE_METHOD_MATCH = YES;
				"CODE_SIGN_IDENTITY[sdk=iphoneos*]" = "iPhone Developer";
				COPY_PHASE_STRIP = NO;
				ENABLE_STRICT_OBJC_MSGSEND = YES;
				ENABLE_TESTABILITY = YES;
				GCC_C_LANGUAGE_STANDARD = gnu99;
				GCC_DYNAMIC_NO_PIC = NO;
				GCC_OPTIMIZATION_LEVEL = 0;
				GCC_PREPROCESSOR_DEFINITIONS = (
					"DEBUG=1",
					"$(inherited)",
				);
				GCC_SYMBOLS_PRIVATE_EXTERN = NO;
				GCC_WARN_64_TO_32_BIT_CONVERSION = YES;
				GCC_WARN_ABOUT_RETURN_TYPE = YES_ERROR;
				GCC_WARN_UNDECLARED_SELECTOR = YES;
				GCC_WARN_UNINITIALIZED_AUTOS = YES_AGGRESSIVE;
				GCC_WARN_UNUSED_FUNCTION = YES;
				GCC_WARN_UNUSED_VARIABLE = YES;
				IPHONEOS_DEPLOYMENT_TARGET = 9.0;
				MTL_ENABLE_DEBUG_INFO = YES;
				ONLY_ACTIVE_ARCH = YES;
				SDKROOT = iphoneos;
				SWIFT_OPTIMIZATION_LEVEL = "-Onone";
				TARGETED_DEVICE_FAMILY = "1,2";
			};
			name = Debug;
		};
		00E89A311AA7CBC300DA8FFC /* Release */ = {
			isa = XCBuildConfiguration;
			buildSettings = {
				ALWAYS_SEARCH_USER_PATHS = NO;
				CLANG_CXX_LANGUAGE_STANDARD = "gnu++0x";
				CLANG_CXX_LIBRARY = "libc++";
				CLANG_ENABLE_MODULES = YES;
				CLANG_ENABLE_OBJC_ARC = YES;
				CLANG_WARN_BOOL_CONVERSION = YES;
				CLANG_WARN_CONSTANT_CONVERSION = YES;
				CLANG_WARN_DIRECT_OBJC_ISA_USAGE = YES_ERROR;
				CLANG_WARN_EMPTY_BODY = YES;
				CLANG_WARN_ENUM_CONVERSION = YES;
				CLANG_WARN_INT_CONVERSION = YES;
				CLANG_WARN_OBJC_ROOT_CLASS = YES_ERROR;
				CLANG_WARN_UNREACHABLE_CODE = YES;
				CLANG_WARN__DUPLICATE_METHOD_MATCH = YES;
				"CODE_SIGN_IDENTITY[sdk=iphoneos*]" = "iPhone Developer";
				COPY_PHASE_STRIP = YES;
				ENABLE_NS_ASSERTIONS = NO;
				ENABLE_STRICT_OBJC_MSGSEND = YES;
				GCC_C_LANGUAGE_STANDARD = gnu99;
				GCC_WARN_64_TO_32_BIT_CONVERSION = YES;
				GCC_WARN_ABOUT_RETURN_TYPE = YES_ERROR;
				GCC_WARN_UNDECLARED_SELECTOR = YES;
				GCC_WARN_UNINITIALIZED_AUTOS = YES_AGGRESSIVE;
				GCC_WARN_UNUSED_FUNCTION = YES;
				GCC_WARN_UNUSED_VARIABLE = YES;
				IPHONEOS_DEPLOYMENT_TARGET = 9.0;
				MTL_ENABLE_DEBUG_INFO = NO;
				SDKROOT = iphoneos;
				TARGETED_DEVICE_FAMILY = "1,2";
				VALIDATE_PRODUCT = YES;
			};
			name = Release;
		};
		00E89A331AA7CBC300DA8FFC /* Debug */ = {
			isa = XCBuildConfiguration;
			buildSettings = {
				ASSETCATALOG_COMPILER_APPICON_NAME = AppIcon;
				INFOPLIST_FILE = "Pitch Perfect/Info.plist";
				LD_RUNPATH_SEARCH_PATHS = "$(inherited) @executable_path/Frameworks";
				PRODUCT_BUNDLE_IDENTIFIER = "com.udacity.$(PRODUCT_NAME:rfc1034identifier)";
				PRODUCT_NAME = "$(TARGET_NAME)";
			};
			name = Debug;
		};
		00E89A341AA7CBC300DA8FFC /* Release */ = {
			isa = XCBuildConfiguration;
			buildSettings = {
				ASSETCATALOG_COMPILER_APPICON_NAME = AppIcon;
				INFOPLIST_FILE = "Pitch Perfect/Info.plist";
				LD_RUNPATH_SEARCH_PATHS = "$(inherited) @executable_path/Frameworks";
				PRODUCT_BUNDLE_IDENTIFIER = "com.udacity.$(PRODUCT_NAME:rfc1034identifier)";
				PRODUCT_NAME = "$(TARGET_NAME)";
			};
			name = Release;
		};
		00E89A361AA7CBC300DA8FFC /* Debug */ = {
			isa = XCBuildConfiguration;
			buildSettings = {
				BUNDLE_LOADER = "$(TEST_HOST)";
				FRAMEWORK_SEARCH_PATHS = "";
				GCC_PREPROCESSOR_DEFINITIONS = (
					"DEBUG=1",
					"$(inherited)",
				);
				INFOPLIST_FILE = "Pitch PerfectTests/Info.plist";
				LD_RUNPATH_SEARCH_PATHS = "$(inherited) @executable_path/Frameworks @loader_path/Frameworks";
				PRODUCT_BUNDLE_IDENTIFIER = "com.udacity.$(PRODUCT_NAME:rfc1034identifier)";
				PRODUCT_NAME = "$(TARGET_NAME)";
				TEST_HOST = "$(BUILT_PRODUCTS_DIR)/Pitch Perfect.app/Pitch Perfect";
			};
			name = Debug;
		};
		00E89A371AA7CBC300DA8FFC /* Release */ = {
			isa = XCBuildConfiguration;
			buildSettings = {
				BUNDLE_LOADER = "$(TEST_HOST)";
				FRAMEWORK_SEARCH_PATHS = "";
				INFOPLIST_FILE = "Pitch PerfectTests/Info.plist";
				LD_RUNPATH_SEARCH_PATHS = "$(inherited) @executable_path/Frameworks @loader_path/Frameworks";
				PRODUCT_BUNDLE_IDENTIFIER = "com.udacity.$(PRODUCT_NAME:rfc1034identifier)";
				PRODUCT_NAME = "$(TARGET_NAME)";
				TEST_HOST = "$(BUILT_PRODUCTS_DIR)/Pitch Perfect.app/Pitch Perfect";
			};
			name = Release;
		};
/* End XCBuildConfiguration section */

/* Begin XCConfigurationList section */
		00E89A0E1AA7CBC200DA8FFC /* Build configuration list for PBXProject "Pitch Perfect" */ = {
			isa = XCConfigurationList;
			buildConfigurations = (
				00E89A301AA7CBC300DA8FFC /* Debug */,
				00E89A311AA7CBC300DA8FFC /* Release */,
			);
			defaultConfigurationIsVisible = 0;
			defaultConfigurationName = Release;
		};
		00E89A321AA7CBC300DA8FFC /* Build configuration list for PBXNativeTarget "Pitch Perfect" */ = {
			isa = XCConfigurationList;
			buildConfigurations = (
				00E89A331AA7CBC300DA8FFC /* Debug */,
				00E89A341AA7CBC300DA8FFC /* Release */,
			);
			defaultConfigurationIsVisible = 0;
			defaultConfigurationName = Release;
		};
		00E89A351AA7CBC300DA8FFC /* Build configuration list for PBXNativeTarget "Pitch PerfectTests" */ = {
			isa = XCConfigurationList;
			buildConfigurations = (
				00E89A361AA7CBC300DA8FFC /* Debug */,
				00E89A371AA7CBC300DA8FFC /* Release */,
			);
			defaultConfigurationIsVisible = 0;
			defaultConfigurationName = Release;
		};
/* End XCConfigurationList section */
	};
	rootObject = 00E89A0B1AA7CBC200DA8FFC /* Project object */;
}
